
Microsoft Visual Studio Solution File, Format Version 12.00
# Visual Studio Version 17
VisualStudioVersion = 17.8.34316.72
MinimumVisualStudioVersion = 10.0.40219.1
Project("{9A19103F-16F7-4668-BE54-9A1E7A4F7556}") = "DataEdgeCustomerService.API", "DataEdgeCustomerService.API\DataEdgeCustomerService.API.csproj", "{02C81F00-E52F-4B7A-A013-BDD1177E9AF0}"
EndProject
Project("{FAE04EC0-301F-11D3-BF4B-00C04F79EFBC}") = "DataEdge_CustomerService.Business", "DataEdge_CustomerService.Business\DataEdge_CustomerService.Business.csproj", "{CD991A44-4FE3-4B51-8CF9-0536BEF56718}"
EndProject
Project("{FAE04EC0-301F-11D3-BF4B-00C04F79EFBC}") = "DataEdge_CustomerService.Persistence", "DataEdge_CustomerService.Persistence\DataEdge_CustomerService.Persistence.csproj", "{65463E1A-C218-4A80-A1FA-5759BD63EFD6}"
EndProject
Global
	GlobalSection(SolutionConfigurationPlatforms) = preSolution
		Debug|Any CPU = Debug|Any CPU
		Release|Any CPU = Release|Any CPU
	EndGlobalSection
	GlobalSection(ProjectConfigurationPlatforms) = postSolution
		{02C81F00-E52F-4B7A-A013-BDD1177E9AF0}.Debug|Any CPU.ActiveCfg = Debug|Any CPU
		{02C81F00-E52F-4B7A-A013-BDD1177E9AF0}.Debug|Any CPU.Build.0 = Debug|Any CPU
		{02C81F00-E52F-4B7A-A013-BDD1177E9AF0}.Release|Any CPU.ActiveCfg = Release|Any CPU
		{02C81F00-E52F-4B7A-A013-BDD1177E9AF0}.Release|Any CPU.Build.0 = Release|Any CPU
		{CD991A44-4FE3-4B51-8CF9-0536BEF56718}.Debug|Any CPU.ActiveCfg = Debug|Any CPU
		{CD991A44-4FE3-4B51-8CF9-0536BEF56718}.Debug|Any CPU.Build.0 = Debug|Any CPU
		{CD991A44-4FE3-4B51-8CF9-0536BEF56718}.Release|Any CPU.ActiveCfg = Release|Any CPU
		{CD991A44-4FE3-4B51-8CF9-0536BEF56718}.Release|Any CPU.Build.0 = Release|Any CPU
		{65463E1A-C218-4A80-A1FA-5759BD63EFD6}.Debug|Any CPU.ActiveCfg = Debug|Any CPU
		{65463E1A-C218-4A80-A1FA-5759BD63EFD6}.Debug|Any CPU.Build.0 = Debug|Any CPU
		{65463E1A-C218-4A80-A1FA-5759BD63EFD6}.Release|Any CPU.ActiveCfg = Release|Any CPU
		{65463E1A-C218-4A80-A1FA-5759BD63EFD6}.Release|Any CPU.Build.0 = Release|Any CPU
	EndGlobalSection
	GlobalSection(SolutionProperties) = preSolution
		HideSolutionNode = FALSE
	EndGlobalSection
	GlobalSection(ExtensibilityGlobals) = postSolution
		SolutionGuid = {BDB54565-D378-400C-8880-D040D11F35A7}
	EndGlobalSection
EndGlobal
